// !$*UTF8*$!
{
	archiveVersion = 1;
	classes = {
	};
	objectVersion = 46;
	objects = {

/* Begin PBXBuildFile section */
		2CA1404D1D61FAA9004AA1D2 /* StackTests.swift in Sources */ = {isa = PBXBuildFile; fileRef = 2CA1404C1D61FAA9004AA1D2 /* StackTests.swift */; };
		2CA140531D61FBA8004AA1D2 /* README.md in Sources */ = {isa = PBXBuildFile; fileRef = 2CA140521D61FBA8004AA1D2 /* README.md */; };
		2CA140541D630CBC004AA1D2 /* Stack.swift in Sources */ = {isa = PBXBuildFile; fileRef = 2CA140441D61FA93004AA1D2 /* Stack.swift */; };
/* End PBXBuildFile section */

/* Begin PBXFileReference section */
		2CA140431D61FA89004AA1D2 /* Stack.playground */ = {isa = PBXFileReference; lastKnownFileType = file.playground; path = Stack.playground; sourceTree = "<group>"; };
		2CA140441D61FA93004AA1D2 /* Stack.swift */ = {isa = PBXFileReference; lastKnownFileType = sourcecode.swift; path = Stack.swift; sourceTree = "<group>"; };
		2CA140491D61FAA9004AA1D2 /* StackTests.xctest */ = {isa = PBXFileReference; explicitFileType = wrapper.cfbundle; includeInIndex = 0; path = StackTests.xctest; sourceTree = BUILT_PRODUCTS_DIR; };
		2CA1404C1D61FAA9004AA1D2 /* StackTests.swift */ = {isa = PBXFileReference; lastKnownFileType = sourcecode.swift; path = StackTests.swift; sourceTree = "<group>"; };
		2CA1404E1D61FAA9004AA1D2 /* Info.plist */ = {isa = PBXFileReference; lastKnownFileType = text.plist.xml; path = Info.plist; sourceTree = "<group>"; };
		2CA140521D61FBA8004AA1D2 /* README.md */ = {isa = PBXFileReference; fileEncoding = 4; lastKnownFileType = net.daringfireball.markdown; path = README.md; sourceTree = "<group>"; };
/* End PBXFileReference section */

/* Begin PBXFrameworksBuildPhase section */
		2CA140461D61FAA9004AA1D2 /* Frameworks */ = {
			isa = PBXFrameworksBuildPhase;
			buildActionMask = 2147483647;
			files = (
			);
			runOnlyForDeploymentPostprocessing = 0;
		};
/* End PBXFrameworksBuildPhase section */

/* Begin PBXGroup section */
		2CA1403C1D61FA6F004AA1D2 = {
			isa = PBXGroup;
			children = (
				2CA140441D61FA93004AA1D2 /* Stack.swift */,
				2CA140521D61FBA8004AA1D2 /* README.md */,
				2CA140431D61FA89004AA1D2 /* Stack.playground */,
				2CA1404B1D61FAA9004AA1D2 /* StackTests */,
				2CA1404A1D61FAA9004AA1D2 /* Products */,
			);
			sourceTree = "<group>";
		};
		2CA1404A1D61FAA9004AA1D2 /* Products */ = {
			isa = PBXGroup;
			children = (
				2CA140491D61FAA9004AA1D2 /* StackTests.xctest */,
			);
			name = Products;
			sourceTree = "<group>";
		};
		2CA1404B1D61FAA9004AA1D2 /* StackTests */ = {
			isa = PBXGroup;
			children = (
				2CA1404C1D61FAA9004AA1D2 /* StackTests.swift */,
				2CA1404E1D61FAA9004AA1D2 /* Info.plist */,
			);
			path = StackTests;
			sourceTree = "<group>";
		};
/* End PBXGroup section */

/* Begin PBXNativeTarget section */
		2CA140481D61FAA9004AA1D2 /* StackTests */ = {
			isa = PBXNativeTarget;
			buildConfigurationList = 2CA1404F1D61FAA9004AA1D2 /* Build configuration list for PBXNativeTarget "StackTests" */;
			buildPhases = (
				2CA140451D61FAA9004AA1D2 /* Sources */,
				2CA140461D61FAA9004AA1D2 /* Frameworks */,
				2CA140471D61FAA9004AA1D2 /* Resources */,
			);
			buildRules = (
			);
			dependencies = (
			);
			name = StackTests;
			productName = StackTests;
			productReference = 2CA140491D61FAA9004AA1D2 /* StackTests.xctest */;
			productType = "com.apple.product-type.bundle.unit-test";
		};
/* End PBXNativeTarget section */

/* Begin PBXProject section */
		2CA1403D1D61FA6F004AA1D2 /* Project object */ = {
			isa = PBXProject;
			attributes = {
				LastSwiftUpdateCheck = 0730;
				LastUpgradeCheck = 0730;
				TargetAttributes = {
					2CA140481D61FAA9004AA1D2 = {
						CreatedOnToolsVersion = 7.3.1;
					};
				};
			};
			buildConfigurationList = 2CA140401D61FA6F004AA1D2 /* Build configuration list for PBXProject "Stack" */;
			compatibilityVersion = "Xcode 3.2";
			developmentRegion = English;
			hasScannedForEncodings = 0;
			knownRegions = (
				en,
			);
			mainGroup = 2CA1403C1D61FA6F004AA1D2;
			productRefGroup = 2CA1404A1D61FAA9004AA1D2 /* Products */;
			projectDirPath = "";
			projectRoot = "";
			targets = (
				2CA140481D61FAA9004AA1D2 /* StackTests */,
			);
		};
/* End PBXProject section */

/* Begin PBXResourcesBuildPhase section */
		2CA140471D61FAA9004AA1D2 /* Resources */ = {
			isa = PBXResourcesBuildPhase;
			buildActionMask = 2147483647;
			files = (
			);
			runOnlyForDeploymentPostprocessing = 0;
		};
/* End PBXResourcesBuildPhase section */

/* Begin PBXSourcesBuildPhase section */
		2CA140451D61FAA9004AA1D2 /* Sources */ = {
			isa = PBXSourcesBuildPhase;
			buildActionMask = 2147483647;
			files = (
				2CA140531D61FBA8004AA1D2 /* README.md in Sources */,
				2CA140541D630CBC004AA1D2 /* Stack.swift in Sources */,
				2CA1404D1D61FAA9004AA1D2 /* StackTests.swift in Sources */,
			);
			runOnlyForDeploymentPostprocessing = 0;
		};
/* End PBXSourcesBuildPhase section */

/* Begin XCBuildConfiguration section */
		2CA140411D61FA6F004AA1D2 /* Debug */ = {
			isa = XCBuildConfiguration;
			buildSettings = {
			};
			name = Debug;
		};
		2CA140421D61FA6F004AA1D2 /* Release */ = {
			isa = XCBuildConfiguration;
			buildSettings = {
			};
			name = Release;
		};
		2CA140501D61FAA9004AA1D2 /* Debug */ = {
			isa = XCBuildConfiguration;
			buildSettings = {
				ALWAYS_SEARCH_USER_PATHS = NO;
				CLANG_ANALYZER_NONNULL = YES;
				CLANG_CXX_LANGUAGE_STANDARD = "gnu++0x";
				CLANG_CXX_LIBRARY = "libc++";
				CLANG_ENABLE_MODULES = YES;
				CLANG_ENABLE_OBJC_ARC = YES;
				CLANG_WARN_BOOL_CONVERSION = YES;
				CLANG_WARN_CONSTANT_CONVERSION = YES;
				CLANG_WARN_DIRECT_OBJC_ISA_USAGE = YES_ERROR;
				CLANG_WARN_EMPTY_BODY = YES;
				CLANG_WARN_ENUM_CONVERSION = YES;
				CLANG_WARN_INT_CONVERSION = YES;
				CLANG_WARN_OBJC_ROOT_CLASS = YES_ERROR;
				CLANG_WARN_UNREACHABLE_CODE = YES;
				CLANG_WARN__DUPLICATE_METHOD_MATCH = YES;
				"CODE_SIGN_IDENTITY[sdk=iphoneos*]" = "iPhone Developer";
				COPY_PHASE_STRIP = NO;
				DEBUG_INFORMATION_FORMAT = dwarf;
				DEFINES_MODULE = YES;
				ENABLE_STRICT_OBJC_MSGSEND = YES;
				ENABLE_TESTABILITY = YES;
				GCC_C_LANGUAGE_STANDARD = gnu99;
				GCC_DYNAMIC_NO_PIC = NO;
				GCC_NO_COMMON_BLOCKS = YES;
				GCC_OPTIMIZATION_LEVEL = 0;
				GCC_PREPROCESSOR_DEFINITIONS = (
					"DEBUG=1",
					"$(inherited)",
				);
				GCC_WARN_64_TO_32_BIT_CONVERSION = YES;
				GCC_WARN_ABOUT_RETURN_TYPE = YES_ERROR;
				GCC_WARN_UNDECLARED_SELECTOR = YES;
				GCC_WARN_UNINITIALIZED_AUTOS = YES_AGGRESSIVE;
				GCC_WARN_UNUSED_FUNCTION = YES;
				GCC_WARN_UNUSED_VARIABLE = YES;
				INFOPLIST_FILE = StackTests/Info.plist;
				IPHONEOS_DEPLOYMENT_TARGET = 9.3;
				LD_RUNPATH_SEARCH_PATHS = "$(inherited) @executable_path/Frameworks @loader_path/Frameworks";
				MTL_ENABLE_DEBUG_INFO = YES;
				ONLY_ACTIVE_ARCH = YES;
				PRODUCT_BUNDLE_IDENTIFIER = com.coryphaei.StackTests;
				PRODUCT_MODULE_NAME = "$(PRODUCT_NAME:c99extidentifier)";
				PRODUCT_NAME = "$(TARGET_NAME)";
				SDKROOT = iphoneos;
				SWIFT_OPTIMIZATION_LEVEL = "-Onone";
			};
			name = Debug;
		};
		2CA140511D61FAA9004AA1D2 /* Release */ = {
			isa = XCBuildConfiguration;
			buildSettings = {
				ALWAYS_SEARCH_USER_PATHS = NO;
				CLANG_ANALYZER_NONNULL = YES;
				CLANG_CXX_LANGUAGE_STANDARD = "gnu++0x";
				CLANG_CXX_LIBRARY = "libc++";
				CLANG_ENABLE_MODULES = YES;
				CLANG_ENABLE_OBJC_ARC = YES;
				CLANG_WARN_BOOL_CONVERSION = YES;
				CLANG_WARN_CONSTANT_CONVERSION = YES;
				CLANG_WARN_DIRECT_OBJC_ISA_USAGE = YES_ERROR;
				CLANG_WARN_EMPTY_BODY = YES;
				CLANG_WARN_ENUM_CONVERSION = YES;
				CLANG_WARN_INT_CONVERSION = YES;
				CLANG_WARN_OBJC_ROOT_CLASS = YES_ERROR;
				CLANG_WARN_UNREACHABLE_CODE = YES;
				CLANG_WARN__DUPLICATE_METHOD_MATCH = YES;
				"CODE_SIGN_IDENTITY[sdk=iphoneos*]" = "iPhone Developer";
				COPY_PHASE_STRIP = NO;
				DEBUG_INFORMATION_FORMAT = "dwarf-with-dsym";
				DEFINES_MODULE = YES;
				ENABLE_NS_ASSERTIONS = NO;
				ENABLE_STRICT_OBJC_MSGSEND = YES;
				GCC_C_LANGUAGE_STANDARD = gnu99;
				GCC_NO_COMMON_BLOCKS = YES;
				GCC_WARN_64_TO_32_BIT_CONVERSION = YES;
				GCC_WARN_ABOUT_RETURN_TYPE = YES_ERROR;
				GCC_WARN_UNDECLARED_SELECTOR = YES;
				GCC_WARN_UNINITIALIZED_AUTOS = YES_AGGRESSIVE;
				GCC_WARN_UNUSED_FUNCTION = YES;
				GCC_WARN_UNUSED_VARIABLE = YES;
				INFOPLIST_FILE = StackTests/Info.plist;
				IPHONEOS_DEPLOYMENT_TARGET = 9.3;
				LD_RUNPATH_SEARCH_PATHS = "$(inherited) @executable_path/Frameworks @loader_path/Frameworks";
				MTL_ENABLE_DEBUG_INFO = NO;
				PRODUCT_BUNDLE_IDENTIFIER = com.coryphaei.StackTests;
				PRODUCT_MODULE_NAME = "$(PRODUCT_NAME:c99extidentifier)";
				PRODUCT_NAME = "$(TARGET_NAME)";
				SDKROOT = iphoneos;
				VALIDATE_PRODUCT = YES;
			};
			name = Release;
		};
/* End XCBuildConfiguration section */

/* Begin XCConfigurationList section */
		2CA140401D61FA6F004AA1D2 /* Build configuration list for PBXProject "Stack" */ = {
			isa = XCConfigurationList;
			buildConfigurations = (
				2CA140411D61FA6F004AA1D2 /* Debug */,
				2CA140421D61FA6F004AA1D2 /* Release */,
			);
			defaultConfigurationIsVisible = 0;
			defaultConfigurationName = Release;
		};
		2CA1404F1D61FAA9004AA1D2 /* Build configuration list for PBXNativeTarget "StackTests" */ = {
			isa = XCConfigurationList;
			buildConfigurations = (
				2CA140501D61FAA9004AA1D2 /* Debug */,
				2CA140511D61FAA9004AA1D2 /* Release */,
			);
			defaultConfigurationIsVisible = 0;
			defaultConfigurationName = Release;
		};
/* End XCConfigurationList section */
	};
	rootObject = 2CA1403D1D61FA6F004AA1D2 /* Project object */;
}
